
Microsoft Visual Studio Solution File, Format Version 12.00
# Visual Studio Version 16
VisualStudioVersion = 16.0.29519.181
MinimumVisualStudioVersion = 10.0.40219.1
Project("{FAE04EC0-301F-11D3-BF4B-00C04F79EFBC}") = "DotNetCoreIdentity", "DotNetCoreIdentity\DotNetCoreIdentity.csproj", "{4A696E07-2F99-434E-9DFA-BD3665DEC652}"
EndProject
Global
	GlobalSection(SolutionConfigurationPlatforms) = preSolution
		Debug|Any CPU = Debug|Any CPU
		Release|Any CPU = Release|Any CPU
	EndGlobalSection
	GlobalSection(ProjectConfigurationPlatforms) = postSolution
		{4A696E07-2F99-434E-9DFA-BD3665DEC652}.Debug|Any CPU.ActiveCfg = Debug|Any CPU
		{4A696E07-2F99-434E-9DFA-BD3665DEC652}.Debug|Any CPU.Build.0 = Debug|Any CPU
		{4A696E07-2F99-434E-9DFA-BD3665DEC652}.Release|Any CPU.ActiveCfg = Release|Any CPU
		{4A696E07-2F99-434E-9DFA-BD3665DEC652}.Release|Any CPU.Build.0 = Release|Any CPU
	EndGlobalSection
	GlobalSection(SolutionProperties) = preSolution
		HideSolutionNode = FALSE
	EndGlobalSection
	GlobalSection(ExtensibilityGlobals) = postSolution
		SolutionGuid = {B21E3B43-A5D5-42DA-A50A-86A9312131D8}
	EndGlobalSection
EndGlobal
